// !$*UTF8*$!
{
	archiveVersion = 1;
	classes = {
	};
	objectVersion = 50;
	objects = {

/* Begin PBXBuildFile section */
		658E4FAC244C809600257B60 /* AppDelegate.swift in Sources */ = {isa = PBXBuildFile; fileRef = 658E4FAB244C809600257B60 /* AppDelegate.swift */; };
		658E4FAE244C809600257B60 /* SceneDelegate.swift in Sources */ = {isa = PBXBuildFile; fileRef = 658E4FAD244C809600257B60 /* SceneDelegate.swift */; };
		658E4FB0244C809600257B60 /* ContentView.swift in Sources */ = {isa = PBXBuildFile; fileRef = 658E4FAF244C809600257B60 /* ContentView.swift */; };
		658E4FB2244C809900257B60 /* Assets.xcassets in Resources */ = {isa = PBXBuildFile; fileRef = 658E4FB1244C809900257B60 /* Assets.xcassets */; };
		658E4FB5244C809900257B60 /* Preview Assets.xcassets in Resources */ = {isa = PBXBuildFile; fileRef = 658E4FB4244C809900257B60 /* Preview Assets.xcassets */; };
		658E4FB8244C809900257B60 /* LaunchScreen.storyboard in Resources */ = {isa = PBXBuildFile; fileRef = 658E4FB6244C809900257B60 /* LaunchScreen.storyboard */; };
/* End PBXBuildFile section */

/* Begin PBXFileReference section */
		658E4FA8244C809600257B60 /* 2020_iOS_bonus3.app */ = {isa = PBXFileReference; explicitFileType = wrapper.application; includeInIndex = 0; path = 2020_iOS_bonus3.app; sourceTree = BUILT_PRODUCTS_DIR; };
		658E4FAB244C809600257B60 /* AppDelegate.swift */ = {isa = PBXFileReference; lastKnownFileType = sourcecode.swift; path = AppDelegate.swift; sourceTree = "<group>"; };
		658E4FAD244C809600257B60 /* SceneDelegate.swift */ = {isa = PBXFileReference; lastKnownFileType = sourcecode.swift; path = SceneDelegate.swift; sourceTree = "<group>"; };
		658E4FAF244C809600257B60 /* ContentView.swift */ = {isa = PBXFileReference; lastKnownFileType = sourcecode.swift; path = ContentView.swift; sourceTree = "<group>"; };
		658E4FB1244C809900257B60 /* Assets.xcassets */ = {isa = PBXFileReference; lastKnownFileType = folder.assetcatalog; path = Assets.xcassets; sourceTree = "<group>"; };
		658E4FB4244C809900257B60 /* Preview Assets.xcassets */ = {isa = PBXFileReference; lastKnownFileType = folder.assetcatalog; path = "Preview Assets.xcassets"; sourceTree = "<group>"; };
		658E4FB7244C809900257B60 /* Base */ = {isa = PBXFileReference; lastKnownFileType = file.storyboard; name = Base; path = Base.lproj/LaunchScreen.storyboard; sourceTree = "<group>"; };
		658E4FB9244C809900257B60 /* Info.plist */ = {isa = PBXFileReference; lastKnownFileType = text.plist.xml; path = Info.plist; sourceTree = "<group>"; };
/* End PBXFileReference section */

/* Begin PBXFrameworksBuildPhase section */
		658E4FA5244C809600257B60 /* Frameworks */ = {
			isa = PBXFrameworksBuildPhase;
			buildActionMask = 2147483647;
			files = (
			);
			runOnlyForDeploymentPostprocessing = 0;
		};
/* End PBXFrameworksBuildPhase section */

/* Begin PBXGroup section */
		658E4F9F244C809500257B60 = {
			isa = PBXGroup;
			children = (
				658E4FAA244C809600257B60 /* 2020_iOS_bonus3 */,
				658E4FA9244C809600257B60 /* Products */,
			);
			sourceTree = "<group>";
		};
		658E4FA9244C809600257B60 /* Products */ = {
			isa = PBXGroup;
			children = (
				658E4FA8244C809600257B60 /* 2020_iOS_bonus3.app */,
			);
			name = Products;
			sourceTree = "<group>";
		};
		658E4FAA244C809600257B60 /* 2020_iOS_bonus3 */ = {
			isa = PBXGroup;
			children = (
				658E4FAB244C809600257B60 /* AppDelegate.swift */,
				658E4FAD244C809600257B60 /* SceneDelegate.swift */,
				658E4FAF244C809600257B60 /* ContentView.swift */,
				658E4FB1244C809900257B60 /* Assets.xcassets */,
				658E4FB6244C809900257B60 /* LaunchScreen.storyboard */,
				658E4FB9244C809900257B60 /* Info.plist */,
				658E4FB3244C809900257B60 /* Preview Content */,
			);
			path = 2020_iOS_bonus3;
			sourceTree = "<group>";
		};
		658E4FB3244C809900257B60 /* Preview Content */ = {
			isa = PBXGroup;
			children = (
				658E4FB4244C809900257B60 /* Preview Assets.xcassets */,
			);
			path = "Preview Content";
			sourceTree = "<group>";
		};
/* End PBXGroup section */

/* Begin PBXNativeTarget section */
		658E4FA7244C809600257B60 /* 2020_iOS_bonus3 */ = {
			isa = PBXNativeTarget;
			buildConfigurationList = 658E4FBC244C809900257B60 /* Build configuration list for PBXNativeTarget "2020_iOS_bonus3" */;
			buildPhases = (
				658E4FA4244C809600257B60 /* Sources */,
				658E4FA5244C809600257B60 /* Frameworks */,
				658E4FA6244C809600257B60 /* Resources */,
			);
			buildRules = (
			);
			dependencies = (
			);
			name = 2020_iOS_bonus3;
			productName = 2020_iOS_bonus3;
			productReference = 658E4FA8244C809600257B60 /* 2020_iOS_bonus3.app */;
			productType = "com.apple.product-type.application";
		};
/* End PBXNativeTarget section */

/* Begin PBXProject section */
		658E4FA0244C809500257B60 /* Project object */ = {
			isa = PBXProject;
			attributes = {
				LastSwiftUpdateCheck = 1140;
				LastUpgradeCheck = 1140;
				ORGANIZATIONNAME = Hannn;
				TargetAttributes = {
					658E4FA7244C809600257B60 = {
						CreatedOnToolsVersion = 11.4;
					};
				};
			};
			buildConfigurationList = 658E4FA3244C809500257B60 /* Build configuration list for PBXProject "2020_iOS_bonus3" */;
			compatibilityVersion = "Xcode 9.3";
			developmentRegion = en;
			hasScannedForEncodings = 0;
			knownRegions = (
				en,
				Base,
			);
			mainGroup = 658E4F9F244C809500257B60;
			productRefGroup = 658E4FA9244C809600257B60 /* Products */;
			projectDirPath = "";
			projectRoot = "";
			targets = (
				658E4FA7244C809600257B60 /* 2020_iOS_bonus3 */,
			);
		};
/* End PBXProject section */

/* Begin PBXResourcesBuildPhase section */
		658E4FA6244C809600257B60 /* Resources */ = {
			isa = PBXResourcesBuildPhase;
			buildActionMask = 2147483647;
			files = (
				658E4FB8244C809900257B60 /* LaunchScreen.storyboard in Resources */,
				658E4FB5244C809900257B60 /* Preview Assets.xcassets in Resources */,
				658E4FB2244C809900257B60 /* Assets.xcassets in Resources */,
			);
			runOnlyForDeploymentPostprocessing = 0;
		};
/* End PBXResourcesBuildPhase section */

/* Begin PBXSourcesBuildPhase section */
		658E4FA4244C809600257B60 /* Sources */ = {
			isa = PBXSourcesBuildPhase;
			buildActionMask = 2147483647;
			files = (
				658E4FAC244C809600257B60 /* AppDelegate.swift in Sources */,
				658E4FAE244C809600257B60 /* SceneDelegate.swift in Sources */,
				658E4FB0244C809600257B60 /* ContentView.swift in Sources */,
			);
			runOnlyForDeploymentPostprocessing = 0;
		};
/* End PBXSourcesBuildPhase section */

/* Begin PBXVariantGroup section */
		658E4FB6244C809900257B60 /* LaunchScreen.storyboard */ = {
			isa = PBXVariantGroup;
			children = (
				658E4FB7244C809900257B60 /* Base */,
			);
			name = LaunchScreen.storyboard;
			sourceTree = "<group>";
		};
/* End PBXVariantGroup section */

/* Begin XCBuildConfiguration section */
		658E4FBA244C809900257B60 /* Debug */ = {
			isa = XCBuildConfiguration;
			buildSettings = {
				ALWAYS_SEARCH_USER_PATHS = NO;
				CLANG_ANALYZER_NONNULL = YES;
				CLANG_ANALYZER_NUMBER_OBJECT_CONVERSION = YES_AGGRESSIVE;
				CLANG_CXX_LANGUAGE_STANDARD = "gnu++14";
				CLANG_CXX_LIBRARY = "libc++";
				CLANG_ENABLE_MODULES = YES;
				CLANG_ENABLE_OBJC_ARC = YES;
				CLANG_ENABLE_OBJC_WEAK = YES;
				CLANG_WARN_BLOCK_CAPTURE_AUTORELEASING = YES;
				CLANG_WARN_BOOL_CONVERSION = YES;
				CLANG_WARN_COMMA = YES;
				CLANG_WARN_CONSTANT_CONVERSION = YES;
				CLANG_WARN_DEPRECATED_OBJC_IMPLEMENTATIONS = YES;
				CLANG_WARN_DIRECT_OBJC_ISA_USAGE = YES_ERROR;
				CLANG_WARN_DOCUMENTATION_COMMENTS = YES;
				CLANG_WARN_EMPTY_BODY = YES;
				CLANG_WARN_ENUM_CONVERSION = YES;
				CLANG_WARN_INFINITE_RECURSION = YES;
				CLANG_WARN_INT_CONVERSION = YES;
				CLANG_WARN_NON_LITERAL_NULL_CONVERSION = YES;
				CLANG_WARN_OBJC_IMPLICIT_RETAIN_SELF = YES;
				CLANG_WARN_OBJC_LITERAL_CONVERSION = YES;
				CLANG_WARN_OBJC_ROOT_CLASS = YES_ERROR;
				CLANG_WARN_RANGE_LOOP_ANALYSIS = YES;
				CLANG_WARN_STRICT_PROTOTYPES = YES;
				CLANG_WARN_SUSPICIOUS_MOVE = YES;
				CLANG_WARN_UNGUARDED_AVAILABILITY = YES_AGGRESSIVE;
				CLANG_WARN_UNREACHABLE_CODE = YES;
				CLANG_WARN__DUPLICATE_METHOD_MATCH = YES;
				COPY_PHASE_STRIP = NO;
				DEBUG_INFORMATION_FORMAT = dwarf;
				ENABLE_STRICT_OBJC_MSGSEND = YES;
				ENABLE_TESTABILITY = YES;
				GCC_C_LANGUAGE_STANDARD = gnu11;
				GCC_DYNAMIC_NO_PIC = NO;
				GCC_NO_COMMON_BLOCKS = YES;
				GCC_OPTIMIZATION_LEVEL = 0;
				GCC_PREPROCESSOR_DEFINITIONS = (
					"DEBUG=1",
					"$(inherited)",
				);
				GCC_WARN_64_TO_32_BIT_CONVERSION = YES;
				GCC_WARN_ABOUT_RETURN_TYPE = YES_ERROR;
				GCC_WARN_UNDECLARED_SELECTOR = YES;
				GCC_WARN_UNINITIALIZED_AUTOS = YES_AGGRESSIVE;
				GCC_WARN_UNUSED_FUNCTION = YES;
				GCC_WARN_UNUSED_VARIABLE = YES;
				IPHONEOS_DEPLOYMENT_TARGET = 13.4;
				MTL_ENABLE_DEBUG_INFO = INCLUDE_SOURCE;
				MTL_FAST_MATH = YES;
				ONLY_ACTIVE_ARCH = YES;
				SDKROOT = iphoneos;
				SWIFT_ACTIVE_COMPILATION_CONDITIONS = DEBUG;
				SWIFT_OPTIMIZATION_LEVEL = "-Onone";
			};
			name = Debug;
		};
		658E4FBB244C809900257B60 /* Release */ = {
			isa = XCBuildConfiguration;
			buildSettings = {
				ALWAYS_SEARCH_USER_PATHS = NO;
				CLANG_ANALYZER_NONNULL = YES;
				CLANG_ANALYZER_NUMBER_OBJECT_CONVERSION = YES_AGGRESSIVE;
				CLANG_CXX_LANGUAGE_STANDARD = "gnu++14";
				CLANG_CXX_LIBRARY = "libc++";
				CLANG_ENABLE_MODULES = YES;
				CLANG_ENABLE_OBJC_ARC = YES;
				CLANG_ENABLE_OBJC_WEAK = YES;
				CLANG_WARN_BLOCK_CAPTURE_AUTORELEASING = YES;
				CLANG_WARN_BOOL_CONVERSION = YES;
				CLANG_WARN_COMMA = YES;
				CLANG_WARN_CONSTANT_CONVERSION = YES;
				CLANG_WARN_DEPRECATED_OBJC_IMPLEMENTATIONS = YES;
				CLANG_WARN_DIRECT_OBJC_ISA_USAGE = YES_ERROR;
				CLANG_WARN_DOCUMENTATION_COMMENTS = YES;
				CLANG_WARN_EMPTY_BODY = YES;
				CLANG_WARN_ENUM_CONVERSION = YES;
				CLANG_WARN_INFINITE_RECURSION = YES;
				CLANG_WARN_INT_CONVERSION = YES;
				CLANG_WARN_NON_LITERAL_NULL_CONVERSION = YES;
				CLANG_WARN_OBJC_IMPLICIT_RETAIN_SELF = YES;
				CLANG_WARN_OBJC_LITERAL_CONVERSION = YES;
				CLANG_WARN_OBJC_ROOT_CLASS = YES_ERROR;
				CLANG_WARN_RANGE_LOOP_ANALYSIS = YES;
				CLANG_WARN_STRICT_PROTOTYPES = YES;
				CLANG_WARN_SUSPICIOUS_MOVE = YES;
				CLANG_WARN_UNGUARDED_AVAILABILITY = YES_AGGRESSIVE;
				CLANG_WARN_UNREACHABLE_CODE = YES;
				CLANG_WARN__DUPLICATE_METHOD_MATCH = YES;
				COPY_PHASE_STRIP = NO;
				DEBUG_INFORMATION_FORMAT = "dwarf-with-dsym";
				ENABLE_NS_ASSERTIONS = NO;
				ENABLE_STRICT_OBJC_MSGSEND = YES;
				GCC_C_LANGUAGE_STANDARD = gnu11;
				GCC_NO_COMMON_BLOCKS = YES;
				GCC_WARN_64_TO_32_BIT_CONVERSION = YES;
				GCC_WARN_ABOUT_RETURN_TYPE = YES_ERROR;
				GCC_WARN_UNDECLARED_SELECTOR = YES;
				GCC_WARN_UNINITIALIZED_AUTOS = YES_AGGRESSIVE;
				GCC_WARN_UNUSED_FUNCTION = YES;
				GCC_WARN_UNUSED_VARIABLE = YES;
				IPHONEOS_DEPLOYMENT_TARGET = 13.4;
				MTL_ENABLE_DEBUG_INFO = NO;
				MTL_FAST_MATH = YES;
				SDKROOT = iphoneos;
				SWIFT_COMPILATION_MODE = wholemodule;
				SWIFT_OPTIMIZATION_LEVEL = "-O";
				VALIDATE_PRODUCT = YES;
			};
			name = Release;
		};
		658E4FBD244C809900257B60 /* Debug */ = {
			isa = XCBuildConfiguration;
			buildSettings = {
				ASSETCATALOG_COMPILER_APPICON_NAME = AppIcon;
				CODE_SIGN_STYLE = Automatic;
				DEVELOPMENT_ASSET_PATHS = "\"2020_iOS_bonus3/Preview Content\"";
				ENABLE_PREVIEWS = YES;
				INFOPLIST_FILE = 2020_iOS_bonus3/Info.plist;
				LD_RUNPATH_SEARCH_PATHS = (
					"$(inherited)",
					"@executable_path/Frameworks",
				);
				PRODUCT_BUNDLE_IDENTIFIER = "com.hannn.-020-iOS-bonus3";
				PRODUCT_NAME = "$(TARGET_NAME)";
				SWIFT_VERSION = 5.0;
				TARGETED_DEVICE_FAMILY = "1,2";
			};
			name = Debug;
		};
		658E4FBE244C809900257B60 /* Release */ = {
			isa = XCBuildConfiguration;
			buildSettings = {
				ASSETCATALOG_COMPILER_APPICON_NAME = AppIcon;
				CODE_SIGN_STYLE = Automatic;
				DEVELOPMENT_ASSET_PATHS = "\"2020_iOS_bonus3/Preview Content\"";
				ENABLE_PREVIEWS = YES;
				INFOPLIST_FILE = 2020_iOS_bonus3/Info.plist;
				LD_RUNPATH_SEARCH_PATHS = (
					"$(inherited)",
					"@executable_path/Frameworks",
				);
				PRODUCT_BUNDLE_IDENTIFIER = "com.hannn.-020-iOS-bonus3";
				PRODUCT_NAME = "$(TARGET_NAME)";
				SWIFT_VERSION = 5.0;
				TARGETED_DEVICE_FAMILY = "1,2";
			};
			name = Release;
		};
/* End XCBuildConfiguration section */

/* Begin XCConfigurationList section */
		658E4FA3244C809500257B60 /* Build configuration list for PBXProject "2020_iOS_bonus3" */ = {
			isa = XCConfigurationList;
			buildConfigurations = (
				658E4FBA244C809900257B60 /* Debug */,
				658E4FBB244C809900257B60 /* Release */,
			);
			defaultConfigurationIsVisible = 0;
			defaultConfigurationName = Release;
		};
		658E4FBC244C809900257B60 /* Build configuration list for PBXNativeTarget "2020_iOS_bonus3" */ = {
			isa = XCConfigurationList;
			buildConfigurations = (
				658E4FBD244C809900257B60 /* Debug */,
				658E4FBE244C809900257B60 /* Release */,
			);
			defaultConfigurationIsVisible = 0;
			defaultConfigurationName = Release;
		};
/* End XCConfigurationList section */
	};
	rootObject = 658E4FA0244C809500257B60 /* Project object */;
}
